
Microsoft Visual Studio Solution File, Format Version 12.00
# Visual Studio Version 16
VisualStudioVersion = 16.0.29021.104
MinimumVisualStudioVersion = 10.0.40219.1
Project("{FAE04EC0-301F-11D3-BF4B-00C04F79EFBC}") = "ShellSort", "ShellSort\ShellSort.csproj", "{C2578383-CB27-4511-BE14-570E0A244672}"
EndProject
Global
	GlobalSection(SolutionConfigurationPlatforms) = preSolution
		Debug|Any CPU = Debug|Any CPU
		Release|Any CPU = Release|Any CPU
	EndGlobalSection
	GlobalSection(ProjectConfigurationPlatforms) = postSolution
		{C2578383-CB27-4511-BE14-570E0A244672}.Debug|Any CPU.ActiveCfg = Debug|Any CPU
		{C2578383-CB27-4511-BE14-570E0A244672}.Debug|Any CPU.Build.0 = Debug|Any CPU
		{C2578383-CB27-4511-BE14-570E0A244672}.Release|Any CPU.ActiveCfg = Release|Any CPU
		{C2578383-CB27-4511-BE14-570E0A244672}.Release|Any CPU.Build.0 = Release|Any CPU
	EndGlobalSection
	GlobalSection(SolutionProperties) = preSolution
		HideSolutionNode = FALSE
	EndGlobalSection
	GlobalSection(ExtensibilityGlobals) = postSolution
		SolutionGuid = {1C17D7FC-CC9B-4D9F-AA94-7B1485BE8EE1}
	EndGlobalSection
EndGlobal
