
Microsoft Visual Studio Solution File, Format Version 12.00
# Visual Studio Version 16
VisualStudioVersion = 16.0.29021.104
MinimumVisualStudioVersion = 10.0.40219.1
Project("{9A19103F-16F7-4668-BE54-9A1E7A4F7556}") = "Expression Evaluation", "CH2\Expression Evaluation.csproj", "{79424FD8-9C28-4A61-B130-C6D87C4A005E}"
EndProject
Global
	GlobalSection(SolutionConfigurationPlatforms) = preSolution
		Debug|Any CPU = Debug|Any CPU
		Release|Any CPU = Release|Any CPU
	EndGlobalSection
	GlobalSection(ProjectConfigurationPlatforms) = postSolution
		{79424FD8-9C28-4A61-B130-C6D87C4A005E}.Debug|Any CPU.ActiveCfg = Debug|Any CPU
		{79424FD8-9C28-4A61-B130-C6D87C4A005E}.Debug|Any CPU.Build.0 = Debug|Any CPU
		{79424FD8-9C28-4A61-B130-C6D87C4A005E}.Release|Any CPU.ActiveCfg = Release|Any CPU
		{79424FD8-9C28-4A61-B130-C6D87C4A005E}.Release|Any CPU.Build.0 = Release|Any CPU
	EndGlobalSection
	GlobalSection(SolutionProperties) = preSolution
		HideSolutionNode = FALSE
	EndGlobalSection
	GlobalSection(ExtensibilityGlobals) = postSolution
		SolutionGuid = {68D2BB55-E032-40E0-BC7A-270B263CB992}
	EndGlobalSection
EndGlobal
